// !$*UTF8*$!
{
	archiveVersion = 1;
	classes = {
	};
	objectVersion = 56;
	objects = {

/* Begin PBXBuildFile section */
		A86F1EE52A9BB36D00D17ECB /* AppDelegate.swift in Sources */ = {isa = PBXBuildFile; fileRef = A86F1EE42A9BB36D00D17ECB /* AppDelegate.swift */; };
		A86F1EE92A9BB36D00D17ECB /* JKViewController.swift in Sources */ = {isa = PBXBuildFile; fileRef = A86F1EE82A9BB36D00D17ECB /* JKViewController.swift */; };
		A86F1EEC2A9BB36D00D17ECB /* Main.storyboard in Resources */ = {isa = PBXBuildFile; fileRef = A86F1EEA2A9BB36D00D17ECB /* Main.storyboard */; };
		A86F1EEE2A9BB37300D17ECB /* Assets.xcassets in Resources */ = {isa = PBXBuildFile; fileRef = A86F1EED2A9BB37300D17ECB /* Assets.xcassets */; };
		A86F1EF12A9BB37300D17ECB /* LaunchScreen.storyboard in Resources */ = {isa = PBXBuildFile; fileRef = A86F1EEF2A9BB37300D17ECB /* LaunchScreen.storyboard */; };
		A86F1F152A9BB48D00D17ECB /* JKServiceHandler.swift in Sources */ = {isa = PBXBuildFile; fileRef = A86F1F142A9BB48D00D17ECB /* JKServiceHandler.swift */; };
		A86F1F172A9BB4AA00D17ECB /* JKListPresenter.swift in Sources */ = {isa = PBXBuildFile; fileRef = A86F1F162A9BB4AA00D17ECB /* JKListPresenter.swift */; };
		A88A2AD02AA79BC3002B3EA2 /* JKFileManager.swift in Sources */ = {isa = PBXBuildFile; fileRef = A88A2ACF2AA79BC3002B3EA2 /* JKFileManager.swift */; };
		A88A2AD22AA7B0F4002B3EA2 /* JKEndpoints.swift in Sources */ = {isa = PBXBuildFile; fileRef = A88A2AD12AA7B0F4002B3EA2 /* JKEndpoints.swift */; };
/* End PBXBuildFile section */

/* Begin PBXFileReference section */
		A86F1EE12A9BB36D00D17ECB /* Jokes.app */ = {isa = PBXFileReference; explicitFileType = wrapper.application; includeInIndex = 0; path = Jokes.app; sourceTree = BUILT_PRODUCTS_DIR; };
		A86F1EE42A9BB36D00D17ECB /* AppDelegate.swift */ = {isa = PBXFileReference; lastKnownFileType = sourcecode.swift; path = AppDelegate.swift; sourceTree = "<group>"; };
		A86F1EE82A9BB36D00D17ECB /* JKViewController.swift */ = {isa = PBXFileReference; lastKnownFileType = sourcecode.swift; path = JKViewController.swift; sourceTree = "<group>"; };
		A86F1EEB2A9BB36D00D17ECB /* Base */ = {isa = PBXFileReference; lastKnownFileType = file.storyboard; name = Base; path = Base.lproj/Main.storyboard; sourceTree = "<group>"; };
		A86F1EED2A9BB37300D17ECB /* Assets.xcassets */ = {isa = PBXFileReference; lastKnownFileType = folder.assetcatalog; path = Assets.xcassets; sourceTree = "<group>"; };
		A86F1EF02A9BB37300D17ECB /* Base */ = {isa = PBXFileReference; lastKnownFileType = file.storyboard; name = Base; path = Base.lproj/LaunchScreen.storyboard; sourceTree = "<group>"; };
		A86F1EF22A9BB37300D17ECB /* Info.plist */ = {isa = PBXFileReference; lastKnownFileType = text.plist.xml; path = Info.plist; sourceTree = "<group>"; };
		A86F1F142A9BB48D00D17ECB /* JKServiceHandler.swift */ = {isa = PBXFileReference; lastKnownFileType = sourcecode.swift; path = JKServiceHandler.swift; sourceTree = "<group>"; };
		A86F1F162A9BB4AA00D17ECB /* JKListPresenter.swift */ = {isa = PBXFileReference; lastKnownFileType = sourcecode.swift; path = JKListPresenter.swift; sourceTree = "<group>"; };
		A88A2ACF2AA79BC3002B3EA2 /* JKFileManager.swift */ = {isa = PBXFileReference; lastKnownFileType = sourcecode.swift; path = JKFileManager.swift; sourceTree = "<group>"; };
		A88A2AD12AA7B0F4002B3EA2 /* JKEndpoints.swift */ = {isa = PBXFileReference; lastKnownFileType = sourcecode.swift; path = JKEndpoints.swift; sourceTree = "<group>"; };
/* End PBXFileReference section */

/* Begin PBXFrameworksBuildPhase section */
		A86F1EDE2A9BB36C00D17ECB /* Frameworks */ = {
			isa = PBXFrameworksBuildPhase;
			buildActionMask = 2147483647;
			files = (
			);
			runOnlyForDeploymentPostprocessing = 0;
		};
/* End PBXFrameworksBuildPhase section */

/* Begin PBXGroup section */
		A86F1ED82A9BB36C00D17ECB = {
			isa = PBXGroup;
			children = (
				A86F1EE32A9BB36D00D17ECB /* Jokes */,
				A86F1EE22A9BB36D00D17ECB /* Products */,
			);
			sourceTree = "<group>";
		};
		A86F1EE22A9BB36D00D17ECB /* Products */ = {
			isa = PBXGroup;
			children = (
				A86F1EE12A9BB36D00D17ECB /* Jokes.app */,
			);
			name = Products;
			sourceTree = "<group>";
		};
		A86F1EE32A9BB36D00D17ECB /* Jokes */ = {
			isa = PBXGroup;
			children = (
				A86F1EE42A9BB36D00D17ECB /* AppDelegate.swift */,
				A86F1F142A9BB48D00D17ECB /* JKServiceHandler.swift */,
				A88A2AD12AA7B0F4002B3EA2 /* JKEndpoints.swift */,
				A86F1EE82A9BB36D00D17ECB /* JKViewController.swift */,
				A86F1F162A9BB4AA00D17ECB /* JKListPresenter.swift */,
				A88A2ACF2AA79BC3002B3EA2 /* JKFileManager.swift */,
				A86F1EEA2A9BB36D00D17ECB /* Main.storyboard */,
				A86F1EED2A9BB37300D17ECB /* Assets.xcassets */,
				A86F1EEF2A9BB37300D17ECB /* LaunchScreen.storyboard */,
				A86F1EF22A9BB37300D17ECB /* Info.plist */,
			);
			path = Jokes;
			sourceTree = "<group>";
		};
/* End PBXGroup section */

/* Begin PBXNativeTarget section */
		A86F1EE02A9BB36C00D17ECB /* Jokes */ = {
			isa = PBXNativeTarget;
			buildConfigurationList = A86F1F0B2A9BB37500D17ECB /* Build configuration list for PBXNativeTarget "Jokes" */;
			buildPhases = (
				A86F1EDD2A9BB36C00D17ECB /* Sources */,
				A86F1EDE2A9BB36C00D17ECB /* Frameworks */,
				A86F1EDF2A9BB36C00D17ECB /* Resources */,
			);
			buildRules = (
			);
			dependencies = (
			);
			name = Jokes;
			productName = Jokes;
			productReference = A86F1EE12A9BB36D00D17ECB /* Jokes.app */;
			productType = "com.apple.product-type.application";
		};
/* End PBXNativeTarget section */

/* Begin PBXProject section */
		A86F1ED92A9BB36C00D17ECB /* Project object */ = {
			isa = PBXProject;
			attributes = {
				BuildIndependentTargetsInParallel = 1;
				LastSwiftUpdateCheck = 1420;
				LastUpgradeCheck = 1420;
				TargetAttributes = {
					A86F1EE02A9BB36C00D17ECB = {
						CreatedOnToolsVersion = 14.2;
					};
				};
			};
			buildConfigurationList = A86F1EDC2A9BB36C00D17ECB /* Build configuration list for PBXProject "Jokes" */;
			compatibilityVersion = "Xcode 14.0";
			developmentRegion = en;
			hasScannedForEncodings = 0;
			knownRegions = (
				en,
				Base,
			);
			mainGroup = A86F1ED82A9BB36C00D17ECB;
			productRefGroup = A86F1EE22A9BB36D00D17ECB /* Products */;
			projectDirPath = "";
			projectRoot = "";
			targets = (
				A86F1EE02A9BB36C00D17ECB /* Jokes */,
			);
		};
/* End PBXProject section */

/* Begin PBXResourcesBuildPhase section */
		A86F1EDF2A9BB36C00D17ECB /* Resources */ = {
			isa = PBXResourcesBuildPhase;
			buildActionMask = 2147483647;
			files = (
				A86F1EF12A9BB37300D17ECB /* LaunchScreen.storyboard in Resources */,
				A86F1EEE2A9BB37300D17ECB /* Assets.xcassets in Resources */,
				A86F1EEC2A9BB36D00D17ECB /* Main.storyboard in Resources */,
			);
			runOnlyForDeploymentPostprocessing = 0;
		};
/* End PBXResourcesBuildPhase section */

/* Begin PBXSourcesBuildPhase section */
		A86F1EDD2A9BB36C00D17ECB /* Sources */ = {
			isa = PBXSourcesBuildPhase;
			buildActionMask = 2147483647;
			files = (
				A86F1F172A9BB4AA00D17ECB /* JKListPresenter.swift in Sources */,
				A86F1EE92A9BB36D00D17ECB /* JKViewController.swift in Sources */,
				A86F1EE52A9BB36D00D17ECB /* AppDelegate.swift in Sources */,
				A86F1F152A9BB48D00D17ECB /* JKServiceHandler.swift in Sources */,
				A88A2AD02AA79BC3002B3EA2 /* JKFileManager.swift in Sources */,
				A88A2AD22AA7B0F4002B3EA2 /* JKEndpoints.swift in Sources */,
			);
			runOnlyForDeploymentPostprocessing = 0;
		};
/* End PBXSourcesBuildPhase section */

/* Begin PBXVariantGroup section */
		A86F1EEA2A9BB36D00D17ECB /* Main.storyboard */ = {
			isa = PBXVariantGroup;
			children = (
				A86F1EEB2A9BB36D00D17ECB /* Base */,
			);
			name = Main.storyboard;
			sourceTree = "<group>";
		};
		A86F1EEF2A9BB37300D17ECB /* LaunchScreen.storyboard */ = {
			isa = PBXVariantGroup;
			children = (
				A86F1EF02A9BB37300D17ECB /* Base */,
			);
			name = LaunchScreen.storyboard;
			sourceTree = "<group>";
		};
/* End PBXVariantGroup section */

/* Begin XCBuildConfiguration section */
		A86F1F092A9BB37500D17ECB /* Debug */ = {
			isa = XCBuildConfiguration;
			buildSettings = {
				ALWAYS_SEARCH_USER_PATHS = NO;
				CLANG_ANALYZER_NONNULL = YES;
				CLANG_ANALYZER_NUMBER_OBJECT_CONVERSION = YES_AGGRESSIVE;
				CLANG_CXX_LANGUAGE_STANDARD = "gnu++20";
				CLANG_ENABLE_MODULES = YES;
				CLANG_ENABLE_OBJC_ARC = YES;
				CLANG_ENABLE_OBJC_WEAK = YES;
				CLANG_WARN_BLOCK_CAPTURE_AUTORELEASING = YES;
				CLANG_WARN_BOOL_CONVERSION = YES;
				CLANG_WARN_COMMA = YES;
				CLANG_WARN_CONSTANT_CONVERSION = YES;
				CLANG_WARN_DEPRECATED_OBJC_IMPLEMENTATIONS = YES;
				CLANG_WARN_DIRECT_OBJC_ISA_USAGE = YES_ERROR;
				CLANG_WARN_DOCUMENTATION_COMMENTS = YES;
				CLANG_WARN_EMPTY_BODY = YES;
				CLANG_WARN_ENUM_CONVERSION = YES;
				CLANG_WARN_INFINITE_RECURSION = YES;
				CLANG_WARN_INT_CONVERSION = YES;
				CLANG_WARN_NON_LITERAL_NULL_CONVERSION = YES;
				CLANG_WARN_OBJC_IMPLICIT_RETAIN_SELF = YES;
				CLANG_WARN_OBJC_LITERAL_CONVERSION = YES;
				CLANG_WARN_OBJC_ROOT_CLASS = YES_ERROR;
				CLANG_WARN_QUOTED_INCLUDE_IN_FRAMEWORK_HEADER = YES;
				CLANG_WARN_RANGE_LOOP_ANALYSIS = YES;
				CLANG_WARN_STRICT_PROTOTYPES = YES;
				CLANG_WARN_SUSPICIOUS_MOVE = YES;
				CLANG_WARN_UNGUARDED_AVAILABILITY = YES_AGGRESSIVE;
				CLANG_WARN_UNREACHABLE_CODE = YES;
				CLANG_WARN__DUPLICATE_METHOD_MATCH = YES;
				COPY_PHASE_STRIP = NO;
				DEBUG_INFORMATION_FORMAT = dwarf;
				ENABLE_STRICT_OBJC_MSGSEND = YES;
				ENABLE_TESTABILITY = YES;
				GCC_C_LANGUAGE_STANDARD = gnu11;
				GCC_DYNAMIC_NO_PIC = NO;
				GCC_NO_COMMON_BLOCKS = YES;
				GCC_OPTIMIZATION_LEVEL = 0;
				GCC_PREPROCESSOR_DEFINITIONS = (
					"DEBUG=1",
					"$(inherited)",
				);
				GCC_WARN_64_TO_32_BIT_CONVERSION = YES;
				GCC_WARN_ABOUT_RETURN_TYPE = YES_ERROR;
				GCC_WARN_UNDECLARED_SELECTOR = YES;
				GCC_WARN_UNINITIALIZED_AUTOS = YES_AGGRESSIVE;
				GCC_WARN_UNUSED_FUNCTION = YES;
				GCC_WARN_UNUSED_VARIABLE = YES;
				IPHONEOS_DEPLOYMENT_TARGET = 16.2;
				MTL_ENABLE_DEBUG_INFO = INCLUDE_SOURCE;
				MTL_FAST_MATH = YES;
				ONLY_ACTIVE_ARCH = YES;
				SDKROOT = iphoneos;
				SWIFT_ACTIVE_COMPILATION_CONDITIONS = DEBUG;
				SWIFT_OPTIMIZATION_LEVEL = "-Onone";
			};
			name = Debug;
		};
		A86F1F0A2A9BB37500D17ECB /* Release */ = {
			isa = XCBuildConfiguration;
			buildSettings = {
				ALWAYS_SEARCH_USER_PATHS = NO;
				CLANG_ANALYZER_NONNULL = YES;
				CLANG_ANALYZER_NUMBER_OBJECT_CONVERSION = YES_AGGRESSIVE;
				CLANG_CXX_LANGUAGE_STANDARD = "gnu++20";
				CLANG_ENABLE_MODULES = YES;
				CLANG_ENABLE_OBJC_ARC = YES;
				CLANG_ENABLE_OBJC_WEAK = YES;
				CLANG_WARN_BLOCK_CAPTURE_AUTORELEASING = YES;
				CLANG_WARN_BOOL_CONVERSION = YES;
				CLANG_WARN_COMMA = YES;
				CLANG_WARN_CONSTANT_CONVERSION = YES;
				CLANG_WARN_DEPRECATED_OBJC_IMPLEMENTATIONS = YES;
				CLANG_WARN_DIRECT_OBJC_ISA_USAGE = YES_ERROR;
				CLANG_WARN_DOCUMENTATION_COMMENTS = YES;
				CLANG_WARN_EMPTY_BODY = YES;
				CLANG_WARN_ENUM_CONVERSION = YES;
				CLANG_WARN_INFINITE_RECURSION = YES;
				CLANG_WARN_INT_CONVERSION = YES;
				CLANG_WARN_NON_LITERAL_NULL_CONVERSION = YES;
				CLANG_WARN_OBJC_IMPLICIT_RETAIN_SELF = YES;
				CLANG_WARN_OBJC_LITERAL_CONVERSION = YES;
				CLANG_WARN_OBJC_ROOT_CLASS = YES_ERROR;
				CLANG_WARN_QUOTED_INCLUDE_IN_FRAMEWORK_HEADER = YES;
				CLANG_WARN_RANGE_LOOP_ANALYSIS = YES;
				CLANG_WARN_STRICT_PROTOTYPES = YES;
				CLANG_WARN_SUSPICIOUS_MOVE = YES;
				CLANG_WARN_UNGUARDED_AVAILABILITY = YES_AGGRESSIVE;
				CLANG_WARN_UNREACHABLE_CODE = YES;
				CLANG_WARN__DUPLICATE_METHOD_MATCH = YES;
				COPY_PHASE_STRIP = NO;
				DEBUG_INFORMATION_FORMAT = "dwarf-with-dsym";
				ENABLE_NS_ASSERTIONS = NO;
				ENABLE_STRICT_OBJC_MSGSEND = YES;
				GCC_C_LANGUAGE_STANDARD = gnu11;
				GCC_NO_COMMON_BLOCKS = YES;
				GCC_WARN_64_TO_32_BIT_CONVERSION = YES;
				GCC_WARN_ABOUT_RETURN_TYPE = YES_ERROR;
				GCC_WARN_UNDECLARED_SELECTOR = YES;
				GCC_WARN_UNINITIALIZED_AUTOS = YES_AGGRESSIVE;
				GCC_WARN_UNUSED_FUNCTION = YES;
				GCC_WARN_UNUSED_VARIABLE = YES;
				IPHONEOS_DEPLOYMENT_TARGET = 16.2;
				MTL_ENABLE_DEBUG_INFO = NO;
				MTL_FAST_MATH = YES;
				SDKROOT = iphoneos;
				SWIFT_COMPILATION_MODE = wholemodule;
				SWIFT_OPTIMIZATION_LEVEL = "-O";
				VALIDATE_PRODUCT = YES;
			};
			name = Release;
		};
		A86F1F0C2A9BB37500D17ECB /* Debug */ = {
			isa = XCBuildConfiguration;
			buildSettings = {
				ASSETCATALOG_COMPILER_APPICON_NAME = AppIcon;
				ASSETCATALOG_COMPILER_GLOBAL_ACCENT_COLOR_NAME = AccentColor;
				CODE_SIGN_STYLE = Automatic;
				CURRENT_PROJECT_VERSION = 1;
				DEVELOPMENT_TEAM = 9BB2Y296F8;
				GENERATE_INFOPLIST_FILE = YES;
				INFOPLIST_FILE = Jokes/Info.plist;
				INFOPLIST_KEY_UIApplicationSupportsIndirectInputEvents = YES;
				INFOPLIST_KEY_UILaunchStoryboardName = LaunchScreen;
				INFOPLIST_KEY_UIMainStoryboardFile = Main;
				INFOPLIST_KEY_UISupportedInterfaceOrientations = "UIInterfaceOrientationLandscapeLeft UIInterfaceOrientationLandscapeRight UIInterfaceOrientationPortrait";
				IPHONEOS_DEPLOYMENT_TARGET = 13.0;
				LD_RUNPATH_SEARCH_PATHS = (
					"$(inherited)",
					"@executable_path/Frameworks",
				);
				MARKETING_VERSION = 1.0;
				PRODUCT_BUNDLE_IDENTIFIER = com.crickabhi.Jokes;
				PRODUCT_NAME = "$(TARGET_NAME)";
				SUPPORTED_PLATFORMS = "iphoneos iphonesimulator";
				SUPPORTS_MACCATALYST = NO;
				SUPPORTS_MAC_DESIGNED_FOR_IPHONE_IPAD = NO;
				SWIFT_EMIT_LOC_STRINGS = YES;
				SWIFT_VERSION = 5.0;
				TARGETED_DEVICE_FAMILY = 1;
			};
			name = Debug;
		};
		A86F1F0D2A9BB37500D17ECB /* Release */ = {
			isa = XCBuildConfiguration;
			buildSettings = {
				ASSETCATALOG_COMPILER_APPICON_NAME = AppIcon;
				ASSETCATALOG_COMPILER_GLOBAL_ACCENT_COLOR_NAME = AccentColor;
				CODE_SIGN_STYLE = Automatic;
				CURRENT_PROJECT_VERSION = 1;
				DEVELOPMENT_TEAM = 9BB2Y296F8;
				GENERATE_INFOPLIST_FILE = YES;
				INFOPLIST_FILE = Jokes/Info.plist;
				INFOPLIST_KEY_UIApplicationSupportsIndirectInputEvents = YES;
				INFOPLIST_KEY_UILaunchStoryboardName = LaunchScreen;
				INFOPLIST_KEY_UIMainStoryboardFile = Main;
				INFOPLIST_KEY_UISupportedInterfaceOrientations = "UIInterfaceOrientationLandscapeLeft UIInterfaceOrientationLandscapeRight UIInterfaceOrientationPortrait";
				IPHONEOS_DEPLOYMENT_TARGET = 13.0;
				LD_RUNPATH_SEARCH_PATHS = (
					"$(inherited)",
					"@executable_path/Frameworks",
				);
				MARKETING_VERSION = 1.0;
				PRODUCT_BUNDLE_IDENTIFIER = com.crickabhi.Jokes;
				PRODUCT_NAME = "$(TARGET_NAME)";
				SUPPORTED_PLATFORMS = "iphoneos iphonesimulator";
				SUPPORTS_MACCATALYST = NO;
				SUPPORTS_MAC_DESIGNED_FOR_IPHONE_IPAD = NO;
				SWIFT_EMIT_LOC_STRINGS = YES;
				SWIFT_VERSION = 5.0;
				TARGETED_DEVICE_FAMILY = 1;
			};
			name = Release;
		};
/* End XCBuildConfiguration section */

/* Begin XCConfigurationList section */
		A86F1EDC2A9BB36C00D17ECB /* Build configuration list for PBXProject "Jokes" */ = {
			isa = XCConfigurationList;
			buildConfigurations = (
				A86F1F092A9BB37500D17ECB /* Debug */,
				A86F1F0A2A9BB37500D17ECB /* Release */,
			);
			defaultConfigurationIsVisible = 0;
			defaultConfigurationName = Release;
		};
		A86F1F0B2A9BB37500D17ECB /* Build configuration list for PBXNativeTarget "Jokes" */ = {
			isa = XCConfigurationList;
			buildConfigurations = (
				A86F1F0C2A9BB37500D17ECB /* Debug */,
				A86F1F0D2A9BB37500D17ECB /* Release */,
			);
			defaultConfigurationIsVisible = 0;
			defaultConfigurationName = Release;
		};
/* End XCConfigurationList section */
	};
	rootObject = A86F1ED92A9BB36C00D17ECB /* Project object */;
}
